{
  "lib/chainlink-brownie-contracts": {
    "tag": {
      "name": "1.1.1",
      "rev": "12393bd475bd60c222ff12e75c0f68effe1bbaaf"
    }
  },
  "lib/forge-std": {
    "rev": "7117c90c8cf6c68e5acce4f09a6b24715cea4de6"
  },
  "lib/foundry-chainlink-toolkit": {
    "rev": "d610ec9ef54c325de7de1a5622c19933b2ae26cf"
  }
}